
Microsoft Visual Studio Solution File, Format Version 10.00
# Visual Studio 2008
Project("{8BC9CEB8-8B4A-11D0-8D11-00A0C91BC942}") = "InjectDLL", "InjectDLL\InjectDLL.vcproj", "{737E50E4-DE5C-4855-9D48-2914DE5C59E4}"
EndProject
Global
	GlobalSection(SolutionConfigurationPlatforms) = preSolution
		Debug|Win32 = Debug|Win32
		Release|Win32 = Release|Win32
	EndGlobalSection
	GlobalSection(ProjectConfigurationPlatforms) = postSolution
		{737E50E4-DE5C-4855-9D48-2914DE5C59E4}.Debug|Win32.ActiveCfg = Debug|Win32
		{737E50E4-DE5C-4855-9D48-2914DE5C59E4}.Debug|Win32.Build.0 = Debug|Win32
		{737E50E4-DE5C-4855-9D48-2914DE5C59E4}.Release|Win32.ActiveCfg = Release|Win32
		{737E50E4-DE5C-4855-9D48-2914DE5C59E4}.Release|Win32.Build.0 = Release|Win32
	EndGlobalSection
	GlobalSection(SolutionProperties) = preSolution
		HideSolutionNode = FALSE
	EndGlobalSection
EndGlobal
